
Microsoft Visual Studio Solution File, Format Version 12.00
# Visual Studio 2012
Project("{888888A0-9F3D-457C-B088-3A5042F75D52}") = "GotWood", "GotWood.pyproj", "{DB382496-4535-41B3-BDF0-7BC1F30ED64D}"
EndProject
Global
	GlobalSection(SolutionConfigurationPlatforms) = preSolution
		Debug|Any CPU = Debug|Any CPU
		Release|Any CPU = Release|Any CPU
	EndGlobalSection
	GlobalSection(ProjectConfigurationPlatforms) = postSolution
		{DB382496-4535-41B3-BDF0-7BC1F30ED64D}.Debug|Any CPU.ActiveCfg = Debug|Any CPU
		{DB382496-4535-41B3-BDF0-7BC1F30ED64D}.Debug|Any CPU.Build.0 = Debug|Any CPU
		{DB382496-4535-41B3-BDF0-7BC1F30ED64D}.Release|Any CPU.ActiveCfg = Release|Any CPU
		{DB382496-4535-41B3-BDF0-7BC1F30ED64D}.Release|Any CPU.Build.0 = Release|Any CPU
	EndGlobalSection
	GlobalSection(SolutionProperties) = preSolution
		HideSolutionNode = FALSE
	EndGlobalSection
EndGlobal
